// !$*UTF8*$!
{
	archiveVersion = 1;
	classes = {
	};
	objectVersion = 46;
	objects = {

/* Begin PBXBuildFile section */
		9B9B945517E5D45B0025DD99 /* UIKit.framework in Frameworks */ = {isa = PBXBuildFile; fileRef = 9B9B945417E5D45B0025DD99 /* UIKit.framework */; };
		9B9B945717E5D45B0025DD99 /* Foundation.framework in Frameworks */ = {isa = PBXBuildFile; fileRef = 9B9B945617E5D45B0025DD99 /* Foundation.framework */; };
		9B9B945917E5D45B0025DD99 /* CoreGraphics.framework in Frameworks */ = {isa = PBXBuildFile; fileRef = 9B9B945817E5D45B0025DD99 /* CoreGraphics.framework */; };
		9B9B945F17E5D45B0025DD99 /* InfoPlist.strings in Resources */ = {isa = PBXBuildFile; fileRef = 9B9B945D17E5D45B0025DD99 /* InfoPlist.strings */; };
		9B9B946117E5D45B0025DD99 /* main.m in Sources */ = {isa = PBXBuildFile; fileRef = 9B9B946017E5D45B0025DD99 /* main.m */; };
		9B9B946517E5D45B0025DD99 /* AppDelegate.m in Sources */ = {isa = PBXBuildFile; fileRef = 9B9B946417E5D45B0025DD99 /* AppDelegate.m */; };
		9B9B946717E5D45B0025DD99 /* Default.png in Resources */ = {isa = PBXBuildFile; fileRef = 9B9B946617E5D45B0025DD99 /* Default.png */; };
		9B9B946917E5D45B0025DD99 /* Default@2x.png in Resources */ = {isa = PBXBuildFile; fileRef = 9B9B946817E5D45B0025DD99 /* Default@2x.png */; };
		9B9B946B17E5D45B0025DD99 /* Default-568h@2x.png in Resources */ = {isa = PBXBuildFile; fileRef = 9B9B946A17E5D45B0025DD99 /* Default-568h@2x.png */; };
		9B9B946E17E5D45B0025DD99 /* MainStoryboard.storyboard in Resources */ = {isa = PBXBuildFile; fileRef = 9B9B946C17E5D45B0025DD99 /* MainStoryboard.storyboard */; };
		9B9B947117E5D45B0025DD99 /* ViewController.m in Sources */ = {isa = PBXBuildFile; fileRef = 9B9B947017E5D45B0025DD99 /* ViewController.m */; };
/* End PBXBuildFile section */

/* Begin PBXFileReference section */
		9B9B945117E5D45B0025DD99 /* ChordsList.app */ = {isa = PBXFileReference; explicitFileType = wrapper.application; includeInIndex = 0; path = ChordsList.app; sourceTree = BUILT_PRODUCTS_DIR; };
		9B9B945417E5D45B0025DD99 /* UIKit.framework */ = {isa = PBXFileReference; lastKnownFileType = wrapper.framework; name = UIKit.framework; path = System/Library/Frameworks/UIKit.framework; sourceTree = SDKROOT; };
		9B9B945617E5D45B0025DD99 /* Foundation.framework */ = {isa = PBXFileReference; lastKnownFileType = wrapper.framework; name = Foundation.framework; path = System/Library/Frameworks/Foundation.framework; sourceTree = SDKROOT; };
		9B9B945817E5D45B0025DD99 /* CoreGraphics.framework */ = {isa = PBXFileReference; lastKnownFileType = wrapper.framework; name = CoreGraphics.framework; path = System/Library/Frameworks/CoreGraphics.framework; sourceTree = SDKROOT; };
		9B9B945C17E5D45B0025DD99 /* ChordsList-Info.plist */ = {isa = PBXFileReference; lastKnownFileType = text.plist.xml; path = "ChordsList-Info.plist"; sourceTree = "<group>"; };
		9B9B945E17E5D45B0025DD99 /* en */ = {isa = PBXFileReference; lastKnownFileType = text.plist.strings; name = en; path = en.lproj/InfoPlist.strings; sourceTree = "<group>"; };
		9B9B946017E5D45B0025DD99 /* main.m */ = {isa = PBXFileReference; lastKnownFileType = sourcecode.c.objc; path = main.m; sourceTree = "<group>"; };
		9B9B946217E5D45B0025DD99 /* ChordsList-Prefix.pch */ = {isa = PBXFileReference; lastKnownFileType = sourcecode.c.h; path = "ChordsList-Prefix.pch"; sourceTree = "<group>"; };
		9B9B946317E5D45B0025DD99 /* AppDelegate.h */ = {isa = PBXFileReference; lastKnownFileType = sourcecode.c.h; path = AppDelegate.h; sourceTree = "<group>"; };
		9B9B946417E5D45B0025DD99 /* AppDelegate.m */ = {isa = PBXFileReference; lastKnownFileType = sourcecode.c.objc; path = AppDelegate.m; sourceTree = "<group>"; };
		9B9B946617E5D45B0025DD99 /* Default.png */ = {isa = PBXFileReference; lastKnownFileType = image.png; path = Default.png; sourceTree = "<group>"; };
		9B9B946817E5D45B0025DD99 /* Default@2x.png */ = {isa = PBXFileReference; lastKnownFileType = image.png; path = "Default@2x.png"; sourceTree = "<group>"; };
		9B9B946A17E5D45B0025DD99 /* Default-568h@2x.png */ = {isa = PBXFileReference; lastKnownFileType = image.png; path = "Default-568h@2x.png"; sourceTree = "<group>"; };
		9B9B946D17E5D45B0025DD99 /* en */ = {isa = PBXFileReference; lastKnownFileType = file.storyboard; name = en; path = en.lproj/MainStoryboard.storyboard; sourceTree = "<group>"; };
		9B9B946F17E5D45B0025DD99 /* ViewController.h */ = {isa = PBXFileReference; lastKnownFileType = sourcecode.c.h; path = ViewController.h; sourceTree = "<group>"; };
		9B9B947017E5D45B0025DD99 /* ViewController.m */ = {isa = PBXFileReference; lastKnownFileType = sourcecode.c.objc; path = ViewController.m; sourceTree = "<group>"; };
/* End PBXFileReference section */

/* Begin PBXFrameworksBuildPhase section */
		9B9B944E17E5D45B0025DD99 /* Frameworks */ = {
			isa = PBXFrameworksBuildPhase;
			buildActionMask = 2147483647;
			files = (
				9B9B945517E5D45B0025DD99 /* UIKit.framework in Frameworks */,
				9B9B945717E5D45B0025DD99 /* Foundation.framework in Frameworks */,
				9B9B945917E5D45B0025DD99 /* CoreGraphics.framework in Frameworks */,
			);
			runOnlyForDeploymentPostprocessing = 0;
		};
/* End PBXFrameworksBuildPhase section */

/* Begin PBXGroup section */
		9B9B944817E5D45B0025DD99 = {
			isa = PBXGroup;
			children = (
				9B9B945A17E5D45B0025DD99 /* ChordsList */,
				9B9B945317E5D45B0025DD99 /* Frameworks */,
				9B9B945217E5D45B0025DD99 /* Products */,
			);
			sourceTree = "<group>";
		};
		9B9B945217E5D45B0025DD99 /* Products */ = {
			isa = PBXGroup;
			children = (
				9B9B945117E5D45B0025DD99 /* ChordsList.app */,
			);
			name = Products;
			sourceTree = "<group>";
		};
		9B9B945317E5D45B0025DD99 /* Frameworks */ = {
			isa = PBXGroup;
			children = (
				9B9B945417E5D45B0025DD99 /* UIKit.framework */,
				9B9B945617E5D45B0025DD99 /* Foundation.framework */,
				9B9B945817E5D45B0025DD99 /* CoreGraphics.framework */,
			);
			name = Frameworks;
			sourceTree = "<group>";
		};
		9B9B945A17E5D45B0025DD99 /* ChordsList */ = {
			isa = PBXGroup;
			children = (
				9B9B946317E5D45B0025DD99 /* AppDelegate.h */,
				9B9B946417E5D45B0025DD99 /* AppDelegate.m */,
				9B9B946C17E5D45B0025DD99 /* MainStoryboard.storyboard */,
				9B9B946F17E5D45B0025DD99 /* ViewController.h */,
				9B9B947017E5D45B0025DD99 /* ViewController.m */,
				9B9B945B17E5D45B0025DD99 /* Supporting Files */,
			);
			path = ChordsList;
			sourceTree = "<group>";
		};
		9B9B945B17E5D45B0025DD99 /* Supporting Files */ = {
			isa = PBXGroup;
			children = (
				9B9B945C17E5D45B0025DD99 /* ChordsList-Info.plist */,
				9B9B945D17E5D45B0025DD99 /* InfoPlist.strings */,
				9B9B946017E5D45B0025DD99 /* main.m */,
				9B9B946217E5D45B0025DD99 /* ChordsList-Prefix.pch */,
				9B9B946617E5D45B0025DD99 /* Default.png */,
				9B9B946817E5D45B0025DD99 /* Default@2x.png */,
				9B9B946A17E5D45B0025DD99 /* Default-568h@2x.png */,
			);
			name = "Supporting Files";
			sourceTree = "<group>";
		};
/* End PBXGroup section */

/* Begin PBXNativeTarget section */
		9B9B945017E5D45B0025DD99 /* ChordsList */ = {
			isa = PBXNativeTarget;
			buildConfigurationList = 9B9B947417E5D45B0025DD99 /* Build configuration list for PBXNativeTarget "ChordsList" */;
			buildPhases = (
				9B9B944D17E5D45B0025DD99 /* Sources */,
				9B9B944E17E5D45B0025DD99 /* Frameworks */,
				9B9B944F17E5D45B0025DD99 /* Resources */,
			);
			buildRules = (
			);
			dependencies = (
			);
			name = ChordsList;
			productName = ChordsList;
			productReference = 9B9B945117E5D45B0025DD99 /* ChordsList.app */;
			productType = "com.apple.product-type.application";
		};
/* End PBXNativeTarget section */

/* Begin PBXProject section */
		9B9B944917E5D45B0025DD99 /* Project object */ = {
			isa = PBXProject;
			attributes = {
				LastUpgradeCheck = 0460;
				ORGANIZATIONNAME = Dmitiy;
			};
			buildConfigurationList = 9B9B944C17E5D45B0025DD99 /* Build configuration list for PBXProject "ChordsList" */;
			compatibilityVersion = "Xcode 3.2";
			developmentRegion = English;
			hasScannedForEncodings = 0;
			knownRegions = (
				en,
			);
			mainGroup = 9B9B944817E5D45B0025DD99;
			productRefGroup = 9B9B945217E5D45B0025DD99 /* Products */;
			projectDirPath = "";
			projectRoot = "";
			targets = (
				9B9B945017E5D45B0025DD99 /* ChordsList */,
			);
		};
/* End PBXProject section */

/* Begin PBXResourcesBuildPhase section */
		9B9B944F17E5D45B0025DD99 /* Resources */ = {
			isa = PBXResourcesBuildPhase;
			buildActionMask = 2147483647;
			files = (
				9B9B945F17E5D45B0025DD99 /* InfoPlist.strings in Resources */,
				9B9B946717E5D45B0025DD99 /* Default.png in Resources */,
				9B9B946917E5D45B0025DD99 /* Default@2x.png in Resources */,
				9B9B946B17E5D45B0025DD99 /* Default-568h@2x.png in Resources */,
				9B9B946E17E5D45B0025DD99 /* MainStoryboard.storyboard in Resources */,
			);
			runOnlyForDeploymentPostprocessing = 0;
		};
/* End PBXResourcesBuildPhase section */

/* Begin PBXSourcesBuildPhase section */
		9B9B944D17E5D45B0025DD99 /* Sources */ = {
			isa = PBXSourcesBuildPhase;
			buildActionMask = 2147483647;
			files = (
				9B9B946117E5D45B0025DD99 /* main.m in Sources */,
				9B9B946517E5D45B0025DD99 /* AppDelegate.m in Sources */,
				9B9B947117E5D45B0025DD99 /* ViewController.m in Sources */,
			);
			runOnlyForDeploymentPostprocessing = 0;
		};
/* End PBXSourcesBuildPhase section */

/* Begin PBXVariantGroup section */
		9B9B945D17E5D45B0025DD99 /* InfoPlist.strings */ = {
			isa = PBXVariantGroup;
			children = (
				9B9B945E17E5D45B0025DD99 /* en */,
			);
			name = InfoPlist.strings;
			sourceTree = "<group>";
		};
		9B9B946C17E5D45B0025DD99 /* MainStoryboard.storyboard */ = {
			isa = PBXVariantGroup;
			children = (
				9B9B946D17E5D45B0025DD99 /* en */,
			);
			name = MainStoryboard.storyboard;
			sourceTree = "<group>";
		};
/* End PBXVariantGroup section */

/* Begin XCBuildConfiguration section */
		9B9B947217E5D45B0025DD99 /* Debug */ = {
			isa = XCBuildConfiguration;
			buildSettings = {
				ALWAYS_SEARCH_USER_PATHS = NO;
				CLANG_CXX_LANGUAGE_STANDARD = "gnu++0x";
				CLANG_CXX_LIBRARY = "libc++";
				CLANG_ENABLE_OBJC_ARC = YES;
				CLANG_WARN_CONSTANT_CONVERSION = YES;
				CLANG_WARN_EMPTY_BODY = YES;
				CLANG_WARN_ENUM_CONVERSION = YES;
				CLANG_WARN_INT_CONVERSION = YES;
				CLANG_WARN__DUPLICATE_METHOD_MATCH = YES;
				"CODE_SIGN_IDENTITY[sdk=iphoneos*]" = "iPhone Developer";
				COPY_PHASE_STRIP = NO;
				GCC_C_LANGUAGE_STANDARD = gnu99;
				GCC_DYNAMIC_NO_PIC = NO;
				GCC_OPTIMIZATION_LEVEL = 0;
				GCC_PREPROCESSOR_DEFINITIONS = (
					"DEBUG=1",
					"$(inherited)",
				);
				GCC_SYMBOLS_PRIVATE_EXTERN = NO;
				GCC_WARN_ABOUT_RETURN_TYPE = YES;
				GCC_WARN_UNINITIALIZED_AUTOS = YES;
				GCC_WARN_UNUSED_VARIABLE = YES;
				IPHONEOS_DEPLOYMENT_TARGET = 6.1;
				ONLY_ACTIVE_ARCH = YES;
				SDKROOT = iphoneos;
			};
			name = Debug;
		};
		9B9B947317E5D45B0025DD99 /* Release */ = {
			isa = XCBuildConfiguration;
			buildSettings = {
				ALWAYS_SEARCH_USER_PATHS = NO;
				CLANG_CXX_LANGUAGE_STANDARD = "gnu++0x";
				CLANG_CXX_LIBRARY = "libc++";
				CLANG_ENABLE_OBJC_ARC = YES;
				CLANG_WARN_CONSTANT_CONVERSION = YES;
				CLANG_WARN_EMPTY_BODY = YES;
				CLANG_WARN_ENUM_CONVERSION = YES;
				CLANG_WARN_INT_CONVERSION = YES;
				CLANG_WARN__DUPLICATE_METHOD_MATCH = YES;
				"CODE_SIGN_IDENTITY[sdk=iphoneos*]" = "iPhone Developer";
				COPY_PHASE_STRIP = YES;
				GCC_C_LANGUAGE_STANDARD = gnu99;
				GCC_WARN_ABOUT_RETURN_TYPE = YES;
				GCC_WARN_UNINITIALIZED_AUTOS = YES;
				GCC_WARN_UNUSED_VARIABLE = YES;
				IPHONEOS_DEPLOYMENT_TARGET = 6.1;
				OTHER_CFLAGS = "-DNS_BLOCK_ASSERTIONS=1";
				SDKROOT = iphoneos;
				VALIDATE_PRODUCT = YES;
			};
			name = Release;
		};
		9B9B947517E5D45B0025DD99 /* Debug */ = {
			isa = XCBuildConfiguration;
			buildSettings = {
				GCC_PRECOMPILE_PREFIX_HEADER = YES;
				GCC_PREFIX_HEADER = "ChordsList/ChordsList-Prefix.pch";
				INFOPLIST_FILE = "ChordsList/ChordsList-Info.plist";
				PRODUCT_NAME = "$(TARGET_NAME)";
				WRAPPER_EXTENSION = app;
			};
			name = Debug;
		};
		9B9B947617E5D45B0025DD99 /* Release */ = {
			isa = XCBuildConfiguration;
			buildSettings = {
				GCC_PRECOMPILE_PREFIX_HEADER = YES;
				GCC_PREFIX_HEADER = "ChordsList/ChordsList-Prefix.pch";
				INFOPLIST_FILE = "ChordsList/ChordsList-Info.plist";
				PRODUCT_NAME = "$(TARGET_NAME)";
				WRAPPER_EXTENSION = app;
			};
			name = Release;
		};
/* End XCBuildConfiguration section */

/* Begin XCConfigurationList section */
		9B9B944C17E5D45B0025DD99 /* Build configuration list for PBXProject "ChordsList" */ = {
			isa = XCConfigurationList;
			buildConfigurations = (
				9B9B947217E5D45B0025DD99 /* Debug */,
				9B9B947317E5D45B0025DD99 /* Release */,
			);
			defaultConfigurationIsVisible = 0;
			defaultConfigurationName = Release;
		};
		9B9B947417E5D45B0025DD99 /* Build configuration list for PBXNativeTarget "ChordsList" */ = {
			isa = XCConfigurationList;
			buildConfigurations = (
				9B9B947517E5D45B0025DD99 /* Debug */,
				9B9B947617E5D45B0025DD99 /* Release */,
			);
			defaultConfigurationIsVisible = 0;
		};
/* End XCConfigurationList section */
	};
	rootObject = 9B9B944917E5D45B0025DD99 /* Project object */;
}
