// !$*UTF8*$!
{
	archiveVersion = 1;
	classes = {
	};
	objectVersion = 46;
	objects = {

/* Begin PBXBuildFile section */
		0A09FDCA17E9CE3100A06DDB /* UIView+DrawGuitarMarkers.m in Sources */ = {isa = PBXBuildFile; fileRef = 0A09FDC917E9CE3100A06DDB /* UIView+DrawGuitarMarkers.m */; };
		0A09FDD317E9DA9B00A06DDB /* AudioToolbox.framework in Frameworks */ = {isa = PBXBuildFile; fileRef = 0A09FDD217E9DA9A00A06DDB /* AudioToolbox.framework */; };
		0A0BD21917E8810B00D54DFA /* Chord.m in Sources */ = {isa = PBXBuildFile; fileRef = 0A0BD21817E8810B00D54DFA /* Chord.m */; };
		0A0BD21A17E8825900D54DFA /* CoreData.framework in Frameworks */ = {isa = PBXBuildFile; fileRef = 0A0C5D7317E733F700EC0067 /* CoreData.framework */; };
		0A0BD22017E8828600D54DFA /* QuartzCore.framework in Frameworks */ = {isa = PBXBuildFile; fileRef = 0A0BD21F17E8828600D54DFA /* QuartzCore.framework */; };
		0A0BD22817E88B9000D54DFA /* frets@2x.jpg in Resources */ = {isa = PBXBuildFile; fileRef = 0A0BD22417E88B9000D54DFA /* frets@2x.jpg */; };
		0A0BD22B17E88B9000D54DFA /* small_scheme.jpg in Resources */ = {isa = PBXBuildFile; fileRef = 0A0BD22717E88B9000D54DFA /* small_scheme.jpg */; };
		0A0BD22D17E88C2000D54DFA /* frets.jpg in Resources */ = {isa = PBXBuildFile; fileRef = 0A0BD22C17E88C2000D54DFA /* frets.jpg */; };
		0A0BD22F17E88D4A00D54DFA /* small_scheme@2x.jpg in Resources */ = {isa = PBXBuildFile; fileRef = 0A0BD22E17E88D4A00D54DFA /* small_scheme@2x.jpg */; };
		0A0BD23117E8A4A600D54DFA /* smallSchemeView.xib in Resources */ = {isa = PBXBuildFile; fileRef = 0A0BD23017E8A4A600D54DFA /* smallSchemeView.xib */; };
		0A0BD23417E8A56800D54DFA /* SmallSchemeView.m in Sources */ = {isa = PBXBuildFile; fileRef = 0A0BD23317E8A56700D54DFA /* SmallSchemeView.m */; };
		0A0BD23817E8ADEE00D54DFA /* play-icon.png in Resources */ = {isa = PBXBuildFile; fileRef = 0A0BD23617E8ADEE00D54DFA /* play-icon.png */; };
		0A0BD23917E8ADEE00D54DFA /* play-icon@2x.png in Resources */ = {isa = PBXBuildFile; fileRef = 0A0BD23717E8ADEE00D54DFA /* play-icon@2x.png */; };
		0A0C5D7E17E73D9000EC0067 /* NSDictionary+Parsing.m in Sources */ = {isa = PBXBuildFile; fileRef = 0A0C5D7D17E73D9000EC0067 /* NSDictionary+Parsing.m */; };
		0A0C5D8217E7410A00EC0067 /* ChordsListTableVC.m in Sources */ = {isa = PBXBuildFile; fileRef = 0A0C5D8117E7410A00EC0067 /* ChordsListTableVC.m */; };
		0A21232D17EC602500FD99A4 /* 61.dat in Resources */ = {isa = PBXBuildFile; fileRef = 0A21232317EC602500FD99A4 /* 61.dat */; };
		0A21232E17EC602500FD99A4 /* 62.dat in Resources */ = {isa = PBXBuildFile; fileRef = 0A21232417EC602500FD99A4 /* 62.dat */; };
		0A21232F17EC602500FD99A4 /* 63.dat in Resources */ = {isa = PBXBuildFile; fileRef = 0A21232517EC602500FD99A4 /* 63.dat */; };
		0A21233017EC602500FD99A4 /* 64.dat in Resources */ = {isa = PBXBuildFile; fileRef = 0A21232617EC602500FD99A4 /* 64.dat */; };
		0A21233117EC602500FD99A4 /* 65.dat in Resources */ = {isa = PBXBuildFile; fileRef = 0A21232717EC602500FD99A4 /* 65.dat */; };
		0A21233217EC602500FD99A4 /* 66.dat in Resources */ = {isa = PBXBuildFile; fileRef = 0A21232817EC602500FD99A4 /* 66.dat */; };
		0A21233317EC602500FD99A4 /* 67.dat in Resources */ = {isa = PBXBuildFile; fileRef = 0A21232917EC602500FD99A4 /* 67.dat */; };
		0A21233417EC602500FD99A4 /* 68.dat in Resources */ = {isa = PBXBuildFile; fileRef = 0A21232A17EC602500FD99A4 /* 68.dat */; };
		0A21233517EC602500FD99A4 /* 69.dat in Resources */ = {isa = PBXBuildFile; fileRef = 0A21232B17EC602500FD99A4 /* 69.dat */; };
		0A21233617EC602500FD99A4 /* 70.dat in Resources */ = {isa = PBXBuildFile; fileRef = 0A21232C17EC602500FD99A4 /* 70.dat */; };
		0AFDBD7617EAF59C00090EFB /* SystemConfiguration.framework in Frameworks */ = {isa = PBXBuildFile; fileRef = 0AFDBD7517EAF59C00090EFB /* SystemConfiguration.framework */; };
		0AFDBD7817EAF5A000090EFB /* MobileCoreServices.framework in Frameworks */ = {isa = PBXBuildFile; fileRef = 0AFDBD7717EAF5A000090EFB /* MobileCoreServices.framework */; };
		0AFDBD7A17EAF6C500090EFB /* AVFoundation.framework in Frameworks */ = {isa = PBXBuildFile; fileRef = 0A09FDCE17E9CF6E00A06DDB /* AVFoundation.framework */; };
		0AFDBD8217EB3E6900090EFB /* icon.png in Resources */ = {isa = PBXBuildFile; fileRef = 0AFDBD8117EB3E6900090EFB /* icon.png */; };
		0AFDBD8B17EB3F2C00090EFB /* icon114.png in Resources */ = {isa = PBXBuildFile; fileRef = 0AFDBD8A17EB3F2C00090EFB /* icon114.png */; };
		0AFDBD9017EB410200090EFB /* NSData+SSToolkitAdditions.m in Sources */ = {isa = PBXBuildFile; fileRef = 0AFDBD8D17EB410200090EFB /* NSData+SSToolkitAdditions.m */; };
		0AFDBD9817EB41A700090EFB /* ChordsDBModel.sqlite in Resources */ = {isa = PBXBuildFile; fileRef = 0AFDBD9417EB41A400090EFB /* ChordsDBModel.sqlite */; };
		9B8FFA5717E79761007FE4B4 /* SelectedChordVC.m in Sources */ = {isa = PBXBuildFile; fileRef = 9B8FFA5617E79761007FE4B4 /* SelectedChordVC.m */; };
		9B8FFA5F17E797BA007FE4B4 /* iCarousel.m in Sources */ = {isa = PBXBuildFile; fileRef = 9B8FFA5E17E797BA007FE4B4 /* iCarousel.m */; settings = {COMPILER_FLAGS = "-fno-objc-arc"; }; };
		9B9B945517E5D45B0025DD99 /* UIKit.framework in Frameworks */ = {isa = PBXBuildFile; fileRef = 9B9B945417E5D45B0025DD99 /* UIKit.framework */; };
		9B9B945717E5D45B0025DD99 /* Foundation.framework in Frameworks */ = {isa = PBXBuildFile; fileRef = 9B9B945617E5D45B0025DD99 /* Foundation.framework */; };
		9B9B945917E5D45B0025DD99 /* CoreGraphics.framework in Frameworks */ = {isa = PBXBuildFile; fileRef = 9B9B945817E5D45B0025DD99 /* CoreGraphics.framework */; };
		9B9B945F17E5D45B0025DD99 /* InfoPlist.strings in Resources */ = {isa = PBXBuildFile; fileRef = 9B9B945D17E5D45B0025DD99 /* InfoPlist.strings */; };
		9B9B946117E5D45B0025DD99 /* main.m in Sources */ = {isa = PBXBuildFile; fileRef = 9B9B946017E5D45B0025DD99 /* main.m */; };
		9B9B946517E5D45B0025DD99 /* AppDelegate.m in Sources */ = {isa = PBXBuildFile; fileRef = 9B9B946417E5D45B0025DD99 /* AppDelegate.m */; };
		9B9B946717E5D45B0025DD99 /* Default.png in Resources */ = {isa = PBXBuildFile; fileRef = 9B9B946617E5D45B0025DD99 /* Default.png */; };
		9B9B946917E5D45B0025DD99 /* Default@2x.png in Resources */ = {isa = PBXBuildFile; fileRef = 9B9B946817E5D45B0025DD99 /* Default@2x.png */; };
		9B9B946B17E5D45B0025DD99 /* Default-568h@2x.png in Resources */ = {isa = PBXBuildFile; fileRef = 9B9B946A17E5D45B0025DD99 /* Default-568h@2x.png */; };
		9B9B946E17E5D45B0025DD99 /* MainStoryboard.storyboard in Resources */ = {isa = PBXBuildFile; fileRef = 9B9B946C17E5D45B0025DD99 /* MainStoryboard.storyboard */; };
		9B9B947917E609070025DD99 /* ChordsDBModel.xcdatamodeld in Sources */ = {isa = PBXBuildFile; fileRef = 9B9B947717E609070025DD99 /* ChordsDBModel.xcdatamodeld */; };
		9B9B948117E613B70025DD99 /* ApiService.m in Sources */ = {isa = PBXBuildFile; fileRef = 9B9B947D17E613B70025DD99 /* ApiService.m */; };
		9B9B948217E613B70025DD99 /* config.plist in Resources */ = {isa = PBXBuildFile; fileRef = 9B9B947E17E613B70025DD99 /* config.plist */; };
		9B9B948317E613B70025DD99 /* ConfigService.m in Sources */ = {isa = PBXBuildFile; fileRef = 9B9B948017E613B70025DD99 /* ConfigService.m */; };
		9B9B948917E6173E0025DD99 /* NSString+SSToolkitAdditions.m in Sources */ = {isa = PBXBuildFile; fileRef = 9B9B948817E6173E0025DD99 /* NSString+SSToolkitAdditions.m */; };
		9B9B94A117E63C380025DD99 /* DataManager.m in Sources */ = {isa = PBXBuildFile; fileRef = 9B9B94A017E63C380025DD99 /* DataManager.m */; };
		9BCF3C6417EB91470076AA66 /* 24.dat in Resources */ = {isa = PBXBuildFile; fileRef = 9BCF3C6017EB91470076AA66 /* 24.dat */; };
		9BCF3C6517EB91470076AA66 /* 25.dat in Resources */ = {isa = PBXBuildFile; fileRef = 9BCF3C6117EB91470076AA66 /* 25.dat */; };
		9BCF3C6617EB91470076AA66 /* 26.dat in Resources */ = {isa = PBXBuildFile; fileRef = 9BCF3C6217EB91470076AA66 /* 26.dat */; };
		9BCF3C6717EB91470076AA66 /* 27.dat in Resources */ = {isa = PBXBuildFile; fileRef = 9BCF3C6317EB91470076AA66 /* 27.dat */; };
		9BCF3C8B17EBA0160076AA66 /* 28.dat in Resources */ = {isa = PBXBuildFile; fileRef = 9BCF3C6A17EBA0160076AA66 /* 28.dat */; };
		9BCF3C8C17EBA0160076AA66 /* 29.dat in Resources */ = {isa = PBXBuildFile; fileRef = 9BCF3C6B17EBA0160076AA66 /* 29.dat */; };
		9BCF3C8D17EBA0160076AA66 /* 30.dat in Resources */ = {isa = PBXBuildFile; fileRef = 9BCF3C6C17EBA0160076AA66 /* 30.dat */; };
		9BCF3C8E17EBA0160076AA66 /* 31.dat in Resources */ = {isa = PBXBuildFile; fileRef = 9BCF3C6D17EBA0160076AA66 /* 31.dat */; };
		9BCF3C8F17EBA0160076AA66 /* 32.dat in Resources */ = {isa = PBXBuildFile; fileRef = 9BCF3C6E17EBA0160076AA66 /* 32.dat */; };
		9BCF3C9017EBA0160076AA66 /* 33.dat in Resources */ = {isa = PBXBuildFile; fileRef = 9BCF3C6F17EBA0160076AA66 /* 33.dat */; };
		9BCF3C9117EBA0160076AA66 /* 34.dat in Resources */ = {isa = PBXBuildFile; fileRef = 9BCF3C7017EBA0160076AA66 /* 34.dat */; };
		9BCF3C9217EBA0160076AA66 /* 35.dat in Resources */ = {isa = PBXBuildFile; fileRef = 9BCF3C7117EBA0160076AA66 /* 35.dat */; };
		9BCF3C9317EBA0160076AA66 /* 36.dat in Resources */ = {isa = PBXBuildFile; fileRef = 9BCF3C7217EBA0160076AA66 /* 36.dat */; };
		9BCF3C9417EBA0160076AA66 /* 37.dat in Resources */ = {isa = PBXBuildFile; fileRef = 9BCF3C7317EBA0160076AA66 /* 37.dat */; };
		9BCF3C9517EBA0160076AA66 /* 38.dat in Resources */ = {isa = PBXBuildFile; fileRef = 9BCF3C7417EBA0160076AA66 /* 38.dat */; };
		9BCF3C9617EBA0160076AA66 /* 39.dat in Resources */ = {isa = PBXBuildFile; fileRef = 9BCF3C7517EBA0160076AA66 /* 39.dat */; };
		9BCF3C9717EBA0160076AA66 /* 40.dat in Resources */ = {isa = PBXBuildFile; fileRef = 9BCF3C7617EBA0160076AA66 /* 40.dat */; };
		9BCF3C9817EBA0160076AA66 /* 41.dat in Resources */ = {isa = PBXBuildFile; fileRef = 9BCF3C7717EBA0160076AA66 /* 41.dat */; };
		9BCF3C9917EBA0160076AA66 /* 42.dat in Resources */ = {isa = PBXBuildFile; fileRef = 9BCF3C7817EBA0160076AA66 /* 42.dat */; };
		9BCF3C9A17EBA0160076AA66 /* 43.dat in Resources */ = {isa = PBXBuildFile; fileRef = 9BCF3C7917EBA0160076AA66 /* 43.dat */; };
		9BCF3C9B17EBA0160076AA66 /* 44.dat in Resources */ = {isa = PBXBuildFile; fileRef = 9BCF3C7A17EBA0160076AA66 /* 44.dat */; };
		9BCF3C9C17EBA0160076AA66 /* 45.dat in Resources */ = {isa = PBXBuildFile; fileRef = 9BCF3C7B17EBA0160076AA66 /* 45.dat */; };
		9BCF3C9D17EBA0160076AA66 /* 46.dat in Resources */ = {isa = PBXBuildFile; fileRef = 9BCF3C7C17EBA0160076AA66 /* 46.dat */; };
		9BCF3C9E17EBA0160076AA66 /* 47.dat in Resources */ = {isa = PBXBuildFile; fileRef = 9BCF3C7D17EBA0160076AA66 /* 47.dat */; };
		9BCF3C9F17EBA0160076AA66 /* 48.dat in Resources */ = {isa = PBXBuildFile; fileRef = 9BCF3C7E17EBA0160076AA66 /* 48.dat */; };
		9BCF3CA017EBA0160076AA66 /* 49.dat in Resources */ = {isa = PBXBuildFile; fileRef = 9BCF3C7F17EBA0160076AA66 /* 49.dat */; };
		9BCF3CA117EBA0160076AA66 /* 50.dat in Resources */ = {isa = PBXBuildFile; fileRef = 9BCF3C8017EBA0160076AA66 /* 50.dat */; };
		9BCF3CA217EBA0160076AA66 /* 51.dat in Resources */ = {isa = PBXBuildFile; fileRef = 9BCF3C8117EBA0160076AA66 /* 51.dat */; };
		9BCF3CA317EBA0160076AA66 /* 52.dat in Resources */ = {isa = PBXBuildFile; fileRef = 9BCF3C8217EBA0160076AA66 /* 52.dat */; };
		9BCF3CA417EBA0160076AA66 /* 53.dat in Resources */ = {isa = PBXBuildFile; fileRef = 9BCF3C8317EBA0160076AA66 /* 53.dat */; };
		9BCF3CA517EBA0160076AA66 /* 54.dat in Resources */ = {isa = PBXBuildFile; fileRef = 9BCF3C8417EBA0160076AA66 /* 54.dat */; };
		9BCF3CA617EBA0160076AA66 /* 55.dat in Resources */ = {isa = PBXBuildFile; fileRef = 9BCF3C8517EBA0160076AA66 /* 55.dat */; };
		9BCF3CA717EBA0160076AA66 /* 56.dat in Resources */ = {isa = PBXBuildFile; fileRef = 9BCF3C8617EBA0160076AA66 /* 56.dat */; };
		9BCF3CA817EBA0160076AA66 /* 57.dat in Resources */ = {isa = PBXBuildFile; fileRef = 9BCF3C8717EBA0160076AA66 /* 57.dat */; };
		9BCF3CA917EBA0160076AA66 /* 58.dat in Resources */ = {isa = PBXBuildFile; fileRef = 9BCF3C8817EBA0160076AA66 /* 58.dat */; };
		9BCF3CAA17EBA0160076AA66 /* 59.dat in Resources */ = {isa = PBXBuildFile; fileRef = 9BCF3C8917EBA0160076AA66 /* 59.dat */; };
		9BCF3CAB17EBA0160076AA66 /* 60.dat in Resources */ = {isa = PBXBuildFile; fileRef = 9BCF3C8A17EBA0160076AA66 /* 60.dat */; };
		9EB2EE137897403293FB570A /* libPods.a in Frameworks */ = {isa = PBXBuildFile; fileRef = 391EB7E665C64FA4B2DB1092 /* libPods.a */; };
/* End PBXBuildFile section */

/* Begin PBXContainerItemProxy section */
		9B9B949717E62F000025DD99 /* PBXContainerItemProxy */ = {
			isa = PBXContainerItemProxy;
			containerPortal = 9B9B949017E62F000025DD99 /* Pods.xcodeproj */;
			proxyType = 2;
			remoteGlobalIDString = E984407841DB403AA0FDDD94;
			remoteInfo = "Pods-AFNetworking";
		};
		9B9B949B17E62F000025DD99 /* PBXContainerItemProxy */ = {
			isa = PBXContainerItemProxy;
			containerPortal = 9B9B949017E62F000025DD99 /* Pods.xcodeproj */;
			proxyType = 2;
			remoteGlobalIDString = 326B885F10EF42C39E1FE8BD;
			remoteInfo = "Pods-Reachability";
		};
		9B9B949D17E62F000025DD99 /* PBXContainerItemProxy */ = {
			isa = PBXContainerItemProxy;
			containerPortal = 9B9B949017E62F000025DD99 /* Pods.xcodeproj */;
			proxyType = 2;
			remoteGlobalIDString = 9DC7AFC3FFA44A7B99CECE28;
			remoteInfo = Pods;
		};
/* End PBXContainerItemProxy section */

/* Begin PBXFileReference section */
		0A09FDC817E9CE3100A06DDB /* UIView+DrawGuitarMarkers.h */ = {isa = PBXFileReference; fileEncoding = 4; lastKnownFileType = sourcecode.c.h; path = "UIView+DrawGuitarMarkers.h"; sourceTree = "<group>"; };
		0A09FDC917E9CE3100A06DDB /* UIView+DrawGuitarMarkers.m */ = {isa = PBXFileReference; fileEncoding = 4; lastKnownFileType = sourcecode.c.objc; path = "UIView+DrawGuitarMarkers.m"; sourceTree = "<group>"; };
		0A09FDCE17E9CF6E00A06DDB /* AVFoundation.framework */ = {isa = PBXFileReference; lastKnownFileType = wrapper.framework; name = AVFoundation.framework; path = System/Library/Frameworks/AVFoundation.framework; sourceTree = SDKROOT; };
		0A09FDD017E9D2C300A06DDB /* MediaPlayer.framework */ = {isa = PBXFileReference; lastKnownFileType = wrapper.framework; name = MediaPlayer.framework; path = System/Library/Frameworks/MediaPlayer.framework; sourceTree = SDKROOT; };
		0A09FDD217E9DA9A00A06DDB /* AudioToolbox.framework */ = {isa = PBXFileReference; lastKnownFileType = wrapper.framework; name = AudioToolbox.framework; path = System/Library/Frameworks/AudioToolbox.framework; sourceTree = SDKROOT; };
		0A0BD21717E8810B00D54DFA /* Chord.h */ = {isa = PBXFileReference; fileEncoding = 4; lastKnownFileType = sourcecode.c.h; path = Chord.h; sourceTree = "<group>"; };
		0A0BD21817E8810B00D54DFA /* Chord.m */ = {isa = PBXFileReference; fileEncoding = 4; lastKnownFileType = sourcecode.c.objc; path = Chord.m; sourceTree = "<group>"; };
		0A0BD21F17E8828600D54DFA /* QuartzCore.framework */ = {isa = PBXFileReference; lastKnownFileType = wrapper.framework; name = QuartzCore.framework; path = System/Library/Frameworks/QuartzCore.framework; sourceTree = SDKROOT; };
		0A0BD22417E88B9000D54DFA /* frets@2x.jpg */ = {isa = PBXFileReference; lastKnownFileType = image.jpeg; name = "frets@2x.jpg"; path = "Resources/frets@2x.jpg"; sourceTree = "<group>"; };
		0A0BD22717E88B9000D54DFA /* small_scheme.jpg */ = {isa = PBXFileReference; lastKnownFileType = image.jpeg; name = small_scheme.jpg; path = Resources/small_scheme.jpg; sourceTree = "<group>"; };
		0A0BD22C17E88C2000D54DFA /* frets.jpg */ = {isa = PBXFileReference; lastKnownFileType = image.jpeg; name = frets.jpg; path = Resources/frets.jpg; sourceTree = "<group>"; };
		0A0BD22E17E88D4A00D54DFA /* small_scheme@2x.jpg */ = {isa = PBXFileReference; lastKnownFileType = image.jpeg; name = "small_scheme@2x.jpg"; path = "Resources/small_scheme@2x.jpg"; sourceTree = "<group>"; };
		0A0BD23017E8A4A600D54DFA /* smallSchemeView.xib */ = {isa = PBXFileReference; fileEncoding = 4; lastKnownFileType = file.xib; path = smallSchemeView.xib; sourceTree = "<group>"; };
		0A0BD23217E8A56700D54DFA /* SmallSchemeView.h */ = {isa = PBXFileReference; fileEncoding = 4; lastKnownFileType = sourcecode.c.h; path = SmallSchemeView.h; sourceTree = "<group>"; };
		0A0BD23317E8A56700D54DFA /* SmallSchemeView.m */ = {isa = PBXFileReference; fileEncoding = 4; lastKnownFileType = sourcecode.c.objc; path = SmallSchemeView.m; sourceTree = "<group>"; };
		0A0BD23617E8ADEE00D54DFA /* play-icon.png */ = {isa = PBXFileReference; lastKnownFileType = image.png; name = "play-icon.png"; path = "Resources/play-icon.png"; sourceTree = "<group>"; };
		0A0BD23717E8ADEE00D54DFA /* play-icon@2x.png */ = {isa = PBXFileReference; lastKnownFileType = image.png; name = "play-icon@2x.png"; path = "Resources/play-icon@2x.png"; sourceTree = "<group>"; };
		0A0C5D7317E733F700EC0067 /* CoreData.framework */ = {isa = PBXFileReference; lastKnownFileType = wrapper.framework; name = CoreData.framework; path = System/Library/Frameworks/CoreData.framework; sourceTree = SDKROOT; };
		0A0C5D7C17E73D9000EC0067 /* NSDictionary+Parsing.h */ = {isa = PBXFileReference; fileEncoding = 4; lastKnownFileType = sourcecode.c.h; path = "NSDictionary+Parsing.h"; sourceTree = "<group>"; };
		0A0C5D7D17E73D9000EC0067 /* NSDictionary+Parsing.m */ = {isa = PBXFileReference; fileEncoding = 4; lastKnownFileType = sourcecode.c.objc; path = "NSDictionary+Parsing.m"; sourceTree = "<group>"; };
		0A0C5D8017E7410A00EC0067 /* ChordsListTableVC.h */ = {isa = PBXFileReference; fileEncoding = 4; lastKnownFileType = sourcecode.c.h; path = ChordsListTableVC.h; sourceTree = "<group>"; };
		0A0C5D8117E7410A00EC0067 /* ChordsListTableVC.m */ = {isa = PBXFileReference; fileEncoding = 4; lastKnownFileType = sourcecode.c.objc; path = ChordsListTableVC.m; sourceTree = "<group>"; };
		0A21232317EC602500FD99A4 /* 61.dat */ = {isa = PBXFileReference; lastKnownFileType = file; name = 61.dat; path = Resources/MidiSamples/61.dat; sourceTree = "<group>"; };
		0A21232417EC602500FD99A4 /* 62.dat */ = {isa = PBXFileReference; lastKnownFileType = file; name = 62.dat; path = Resources/MidiSamples/62.dat; sourceTree = "<group>"; };
		0A21232517EC602500FD99A4 /* 63.dat */ = {isa = PBXFileReference; lastKnownFileType = file; name = 63.dat; path = Resources/MidiSamples/63.dat; sourceTree = "<group>"; };
		0A21232617EC602500FD99A4 /* 64.dat */ = {isa = PBXFileReference; lastKnownFileType = file; name = 64.dat; path = Resources/MidiSamples/64.dat; sourceTree = "<group>"; };
		0A21232717EC602500FD99A4 /* 65.dat */ = {isa = PBXFileReference; lastKnownFileType = file; name = 65.dat; path = Resources/MidiSamples/65.dat; sourceTree = "<group>"; };
		0A21232817EC602500FD99A4 /* 66.dat */ = {isa = PBXFileReference; lastKnownFileType = file; name = 66.dat; path = Resources/MidiSamples/66.dat; sourceTree = "<group>"; };
		0A21232917EC602500FD99A4 /* 67.dat */ = {isa = PBXFileReference; lastKnownFileType = file; name = 67.dat; path = Resources/MidiSamples/67.dat; sourceTree = "<group>"; };
		0A21232A17EC602500FD99A4 /* 68.dat */ = {isa = PBXFileReference; lastKnownFileType = file; name = 68.dat; path = Resources/MidiSamples/68.dat; sourceTree = "<group>"; };
		0A21232B17EC602500FD99A4 /* 69.dat */ = {isa = PBXFileReference; lastKnownFileType = file; name = 69.dat; path = Resources/MidiSamples/69.dat; sourceTree = "<group>"; };
		0A21232C17EC602500FD99A4 /* 70.dat */ = {isa = PBXFileReference; lastKnownFileType = file; name = 70.dat; path = Resources/MidiSamples/70.dat; sourceTree = "<group>"; };
		0AFDBD7517EAF59C00090EFB /* SystemConfiguration.framework */ = {isa = PBXFileReference; lastKnownFileType = wrapper.framework; name = SystemConfiguration.framework; path = System/Library/Frameworks/SystemConfiguration.framework; sourceTree = SDKROOT; };
		0AFDBD7717EAF5A000090EFB /* MobileCoreServices.framework */ = {isa = PBXFileReference; lastKnownFileType = wrapper.framework; name = MobileCoreServices.framework; path = System/Library/Frameworks/MobileCoreServices.framework; sourceTree = SDKROOT; };
		0AFDBD8117EB3E6900090EFB /* icon.png */ = {isa = PBXFileReference; lastKnownFileType = image.png; path = icon.png; sourceTree = "<group>"; };
		0AFDBD8A17EB3F2C00090EFB /* icon114.png */ = {isa = PBXFileReference; lastKnownFileType = image.png; name = icon114.png; path = ../icon114.png; sourceTree = "<group>"; };
		0AFDBD8C17EB410200090EFB /* NSData+SSToolkitAdditions.h */ = {isa = PBXFileReference; fileEncoding = 4; lastKnownFileType = sourcecode.c.h; path = "NSData+SSToolkitAdditions.h"; sourceTree = "<group>"; };
		0AFDBD8D17EB410200090EFB /* NSData+SSToolkitAdditions.m */ = {isa = PBXFileReference; fileEncoding = 4; lastKnownFileType = sourcecode.c.objc; path = "NSData+SSToolkitAdditions.m"; sourceTree = "<group>"; };
		0AFDBD9417EB41A400090EFB /* ChordsDBModel.sqlite */ = {isa = PBXFileReference; lastKnownFileType = file; name = ChordsDBModel.sqlite; path = Resources/ChordsDBModel.sqlite; sourceTree = "<group>"; };
		391EB7E665C64FA4B2DB1092 /* libPods.a */ = {isa = PBXFileReference; explicitFileType = archive.ar; includeInIndex = 0; path = libPods.a; sourceTree = BUILT_PRODUCTS_DIR; };
		9B8FFA5517E79761007FE4B4 /* SelectedChordVC.h */ = {isa = PBXFileReference; fileEncoding = 4; lastKnownFileType = sourcecode.c.h; path = SelectedChordVC.h; sourceTree = "<group>"; };
		9B8FFA5617E79761007FE4B4 /* SelectedChordVC.m */ = {isa = PBXFileReference; fileEncoding = 4; lastKnownFileType = sourcecode.c.objc; path = SelectedChordVC.m; sourceTree = "<group>"; };
		9B8FFA5D17E797BA007FE4B4 /* iCarousel.h */ = {isa = PBXFileReference; fileEncoding = 4; lastKnownFileType = sourcecode.c.h; path = iCarousel.h; sourceTree = "<group>"; };
		9B8FFA5E17E797BA007FE4B4 /* iCarousel.m */ = {isa = PBXFileReference; fileEncoding = 4; lastKnownFileType = sourcecode.c.objc; path = iCarousel.m; sourceTree = "<group>"; };
		9B9B945117E5D45B0025DD99 /* ChordsList.app */ = {isa = PBXFileReference; explicitFileType = wrapper.application; includeInIndex = 0; path = ChordsList.app; sourceTree = BUILT_PRODUCTS_DIR; };
		9B9B945417E5D45B0025DD99 /* UIKit.framework */ = {isa = PBXFileReference; lastKnownFileType = wrapper.framework; name = UIKit.framework; path = System/Library/Frameworks/UIKit.framework; sourceTree = SDKROOT; };
		9B9B945617E5D45B0025DD99 /* Foundation.framework */ = {isa = PBXFileReference; lastKnownFileType = wrapper.framework; name = Foundation.framework; path = System/Library/Frameworks/Foundation.framework; sourceTree = SDKROOT; };
		9B9B945817E5D45B0025DD99 /* CoreGraphics.framework */ = {isa = PBXFileReference; lastKnownFileType = wrapper.framework; name = CoreGraphics.framework; path = System/Library/Frameworks/CoreGraphics.framework; sourceTree = SDKROOT; };
		9B9B945E17E5D45B0025DD99 /* en */ = {isa = PBXFileReference; lastKnownFileType = text.plist.strings; name = en; path = en.lproj/InfoPlist.strings; sourceTree = "<group>"; };
		9B9B946017E5D45B0025DD99 /* main.m */ = {isa = PBXFileReference; lastKnownFileType = sourcecode.c.objc; path = main.m; sourceTree = "<group>"; };
		9B9B946217E5D45B0025DD99 /* ChordsList-Prefix.pch */ = {isa = PBXFileReference; lastKnownFileType = sourcecode.c.h; path = "ChordsList-Prefix.pch"; sourceTree = "<group>"; };
		9B9B946317E5D45B0025DD99 /* AppDelegate.h */ = {isa = PBXFileReference; lastKnownFileType = sourcecode.c.h; path = AppDelegate.h; sourceTree = "<group>"; };
		9B9B946417E5D45B0025DD99 /* AppDelegate.m */ = {isa = PBXFileReference; lastKnownFileType = sourcecode.c.objc; path = AppDelegate.m; sourceTree = "<group>"; };
		9B9B946617E5D45B0025DD99 /* Default.png */ = {isa = PBXFileReference; lastKnownFileType = image.png; path = Default.png; sourceTree = "<group>"; };
		9B9B946817E5D45B0025DD99 /* Default@2x.png */ = {isa = PBXFileReference; lastKnownFileType = image.png; path = "Default@2x.png"; sourceTree = "<group>"; };
		9B9B946A17E5D45B0025DD99 /* Default-568h@2x.png */ = {isa = PBXFileReference; lastKnownFileType = image.png; path = "Default-568h@2x.png"; sourceTree = "<group>"; };
		9B9B946D17E5D45B0025DD99 /* en */ = {isa = PBXFileReference; lastKnownFileType = file.storyboard; name = en; path = en.lproj/MainStoryboard.storyboard; sourceTree = "<group>"; };
		9B9B947817E609070025DD99 /* ChordsDBModel.xcdatamodel */ = {isa = PBXFileReference; lastKnownFileType = wrapper.xcdatamodel; path = ChordsDBModel.xcdatamodel; sourceTree = "<group>"; };
		9B9B947C17E613B70025DD99 /* ApiService.h */ = {isa = PBXFileReference; fileEncoding = 4; lastKnownFileType = sourcecode.c.h; path = ApiService.h; sourceTree = "<group>"; };
		9B9B947D17E613B70025DD99 /* ApiService.m */ = {isa = PBXFileReference; fileEncoding = 4; lastKnownFileType = sourcecode.c.objc; path = ApiService.m; sourceTree = "<group>"; };
		9B9B947E17E613B70025DD99 /* config.plist */ = {isa = PBXFileReference; fileEncoding = 4; lastKnownFileType = text.plist.xml; path = config.plist; sourceTree = "<group>"; };
		9B9B947F17E613B70025DD99 /* ConfigService.h */ = {isa = PBXFileReference; fileEncoding = 4; lastKnownFileType = sourcecode.c.h; path = ConfigService.h; sourceTree = "<group>"; };
		9B9B948017E613B70025DD99 /* ConfigService.m */ = {isa = PBXFileReference; fileEncoding = 4; lastKnownFileType = sourcecode.c.objc; path = ConfigService.m; sourceTree = "<group>"; };
		9B9B948717E6173E0025DD99 /* NSString+SSToolkitAdditions.h */ = {isa = PBXFileReference; fileEncoding = 4; lastKnownFileType = sourcecode.c.h; path = "NSString+SSToolkitAdditions.h"; sourceTree = "<group>"; };
		9B9B948817E6173E0025DD99 /* NSString+SSToolkitAdditions.m */ = {isa = PBXFileReference; fileEncoding = 4; lastKnownFileType = sourcecode.c.objc; path = "NSString+SSToolkitAdditions.m"; sourceTree = "<group>"; };
		9B9B949017E62F000025DD99 /* Pods.xcodeproj */ = {isa = PBXFileReference; lastKnownFileType = "wrapper.pb-project"; name = Pods.xcodeproj; path = Pods/Pods.xcodeproj; sourceTree = SOURCE_ROOT; };
		9B9B949F17E63C380025DD99 /* DataManager.h */ = {isa = PBXFileReference; fileEncoding = 4; lastKnownFileType = sourcecode.c.h; path = DataManager.h; sourceTree = "<group>"; };
		9B9B94A017E63C380025DD99 /* DataManager.m */ = {isa = PBXFileReference; fileEncoding = 4; lastKnownFileType = sourcecode.c.objc; path = DataManager.m; sourceTree = "<group>"; };
		9BCF3C6017EB91470076AA66 /* 24.dat */ = {isa = PBXFileReference; lastKnownFileType = file; name = 24.dat; path = Resources/MidiSamples/24.dat; sourceTree = "<group>"; };
		9BCF3C6117EB91470076AA66 /* 25.dat */ = {isa = PBXFileReference; lastKnownFileType = file; name = 25.dat; path = Resources/MidiSamples/25.dat; sourceTree = "<group>"; };
		9BCF3C6217EB91470076AA66 /* 26.dat */ = {isa = PBXFileReference; lastKnownFileType = file; name = 26.dat; path = Resources/MidiSamples/26.dat; sourceTree = "<group>"; };
		9BCF3C6317EB91470076AA66 /* 27.dat */ = {isa = PBXFileReference; lastKnownFileType = file; name = 27.dat; path = Resources/MidiSamples/27.dat; sourceTree = "<group>"; };
		9BCF3C6A17EBA0160076AA66 /* 28.dat */ = {isa = PBXFileReference; lastKnownFileType = file; name = 28.dat; path = Resources/MidiSamples/28.dat; sourceTree = "<group>"; };
		9BCF3C6B17EBA0160076AA66 /* 29.dat */ = {isa = PBXFileReference; lastKnownFileType = file; name = 29.dat; path = Resources/MidiSamples/29.dat; sourceTree = "<group>"; };
		9BCF3C6C17EBA0160076AA66 /* 30.dat */ = {isa = PBXFileReference; lastKnownFileType = file; name = 30.dat; path = Resources/MidiSamples/30.dat; sourceTree = "<group>"; };
		9BCF3C6D17EBA0160076AA66 /* 31.dat */ = {isa = PBXFileReference; lastKnownFileType = file; name = 31.dat; path = Resources/MidiSamples/31.dat; sourceTree = "<group>"; };
		9BCF3C6E17EBA0160076AA66 /* 32.dat */ = {isa = PBXFileReference; lastKnownFileType = file; name = 32.dat; path = Resources/MidiSamples/32.dat; sourceTree = "<group>"; };
		9BCF3C6F17EBA0160076AA66 /* 33.dat */ = {isa = PBXFileReference; lastKnownFileType = file; name = 33.dat; path = Resources/MidiSamples/33.dat; sourceTree = "<group>"; };
		9BCF3C7017EBA0160076AA66 /* 34.dat */ = {isa = PBXFileReference; lastKnownFileType = file; name = 34.dat; path = Resources/MidiSamples/34.dat; sourceTree = "<group>"; };
		9BCF3C7117EBA0160076AA66 /* 35.dat */ = {isa = PBXFileReference; lastKnownFileType = file; name = 35.dat; path = Resources/MidiSamples/35.dat; sourceTree = "<group>"; };
		9BCF3C7217EBA0160076AA66 /* 36.dat */ = {isa = PBXFileReference; lastKnownFileType = file; name = 36.dat; path = Resources/MidiSamples/36.dat; sourceTree = "<group>"; };
		9BCF3C7317EBA0160076AA66 /* 37.dat */ = {isa = PBXFileReference; lastKnownFileType = file; name = 37.dat; path = Resources/MidiSamples/37.dat; sourceTree = "<group>"; };
		9BCF3C7417EBA0160076AA66 /* 38.dat */ = {isa = PBXFileReference; lastKnownFileType = file; name = 38.dat; path = Resources/MidiSamples/38.dat; sourceTree = "<group>"; };
		9BCF3C7517EBA0160076AA66 /* 39.dat */ = {isa = PBXFileReference; lastKnownFileType = file; name = 39.dat; path = Resources/MidiSamples/39.dat; sourceTree = "<group>"; };
		9BCF3C7617EBA0160076AA66 /* 40.dat */ = {isa = PBXFileReference; lastKnownFileType = file; name = 40.dat; path = Resources/MidiSamples/40.dat; sourceTree = "<group>"; };
		9BCF3C7717EBA0160076AA66 /* 41.dat */ = {isa = PBXFileReference; lastKnownFileType = file; name = 41.dat; path = Resources/MidiSamples/41.dat; sourceTree = "<group>"; };
		9BCF3C7817EBA0160076AA66 /* 42.dat */ = {isa = PBXFileReference; lastKnownFileType = file; name = 42.dat; path = Resources/MidiSamples/42.dat; sourceTree = "<group>"; };
		9BCF3C7917EBA0160076AA66 /* 43.dat */ = {isa = PBXFileReference; lastKnownFileType = file; name = 43.dat; path = Resources/MidiSamples/43.dat; sourceTree = "<group>"; };
		9BCF3C7A17EBA0160076AA66 /* 44.dat */ = {isa = PBXFileReference; lastKnownFileType = file; name = 44.dat; path = Resources/MidiSamples/44.dat; sourceTree = "<group>"; };
		9BCF3C7B17EBA0160076AA66 /* 45.dat */ = {isa = PBXFileReference; lastKnownFileType = file; name = 45.dat; path = Resources/MidiSamples/45.dat; sourceTree = "<group>"; };
		9BCF3C7C17EBA0160076AA66 /* 46.dat */ = {isa = PBXFileReference; lastKnownFileType = file; name = 46.dat; path = Resources/MidiSamples/46.dat; sourceTree = "<group>"; };
		9BCF3C7D17EBA0160076AA66 /* 47.dat */ = {isa = PBXFileReference; lastKnownFileType = file; name = 47.dat; path = Resources/MidiSamples/47.dat; sourceTree = "<group>"; };
		9BCF3C7E17EBA0160076AA66 /* 48.dat */ = {isa = PBXFileReference; lastKnownFileType = file; name = 48.dat; path = Resources/MidiSamples/48.dat; sourceTree = "<group>"; };
		9BCF3C7F17EBA0160076AA66 /* 49.dat */ = {isa = PBXFileReference; lastKnownFileType = file; name = 49.dat; path = Resources/MidiSamples/49.dat; sourceTree = "<group>"; };
		9BCF3C8017EBA0160076AA66 /* 50.dat */ = {isa = PBXFileReference; lastKnownFileType = file; name = 50.dat; path = Resources/MidiSamples/50.dat; sourceTree = "<group>"; };
		9BCF3C8117EBA0160076AA66 /* 51.dat */ = {isa = PBXFileReference; lastKnownFileType = file; name = 51.dat; path = Resources/MidiSamples/51.dat; sourceTree = "<group>"; };
		9BCF3C8217EBA0160076AA66 /* 52.dat */ = {isa = PBXFileReference; lastKnownFileType = file; name = 52.dat; path = Resources/MidiSamples/52.dat; sourceTree = "<group>"; };
		9BCF3C8317EBA0160076AA66 /* 53.dat */ = {isa = PBXFileReference; lastKnownFileType = file; name = 53.dat; path = Resources/MidiSamples/53.dat; sourceTree = "<group>"; };
		9BCF3C8417EBA0160076AA66 /* 54.dat */ = {isa = PBXFileReference; lastKnownFileType = file; name = 54.dat; path = Resources/MidiSamples/54.dat; sourceTree = "<group>"; };
		9BCF3C8517EBA0160076AA66 /* 55.dat */ = {isa = PBXFileReference; lastKnownFileType = file; name = 55.dat; path = Resources/MidiSamples/55.dat; sourceTree = "<group>"; };
		9BCF3C8617EBA0160076AA66 /* 56.dat */ = {isa = PBXFileReference; lastKnownFileType = file; name = 56.dat; path = Resources/MidiSamples/56.dat; sourceTree = "<group>"; };
		9BCF3C8717EBA0160076AA66 /* 57.dat */ = {isa = PBXFileReference; lastKnownFileType = file; name = 57.dat; path = Resources/MidiSamples/57.dat; sourceTree = "<group>"; };
		9BCF3C8817EBA0160076AA66 /* 58.dat */ = {isa = PBXFileReference; lastKnownFileType = file; name = 58.dat; path = Resources/MidiSamples/58.dat; sourceTree = "<group>"; };
		9BCF3C8917EBA0160076AA66 /* 59.dat */ = {isa = PBXFileReference; lastKnownFileType = file; name = 59.dat; path = Resources/MidiSamples/59.dat; sourceTree = "<group>"; };
		9BCF3C8A17EBA0160076AA66 /* 60.dat */ = {isa = PBXFileReference; lastKnownFileType = file; name = 60.dat; path = Resources/MidiSamples/60.dat; sourceTree = "<group>"; };
		AC87DF2A67D344458FA94311 /* Pods.xcconfig */ = {isa = PBXFileReference; includeInIndex = 1; lastKnownFileType = text.xcconfig; name = Pods.xcconfig; path = Pods/Pods.xcconfig; sourceTree = "<group>"; };
/* End PBXFileReference section */

/* Begin PBXFrameworksBuildPhase section */
		9B9B944E17E5D45B0025DD99 /* Frameworks */ = {
			isa = PBXFrameworksBuildPhase;
			buildActionMask = 2147483647;
			files = (
				0AFDBD7A17EAF6C500090EFB /* AVFoundation.framework in Frameworks */,
				0AFDBD7817EAF5A000090EFB /* MobileCoreServices.framework in Frameworks */,
				0AFDBD7617EAF59C00090EFB /* SystemConfiguration.framework in Frameworks */,
				0A09FDD317E9DA9B00A06DDB /* AudioToolbox.framework in Frameworks */,
				0A0BD22017E8828600D54DFA /* QuartzCore.framework in Frameworks */,
				0A0BD21A17E8825900D54DFA /* CoreData.framework in Frameworks */,
				9B9B945517E5D45B0025DD99 /* UIKit.framework in Frameworks */,
				9B9B945717E5D45B0025DD99 /* Foundation.framework in Frameworks */,
				9B9B945917E5D45B0025DD99 /* CoreGraphics.framework in Frameworks */,
				9EB2EE137897403293FB570A /* libPods.a in Frameworks */,
			);
			runOnlyForDeploymentPostprocessing = 0;
		};
/* End PBXFrameworksBuildPhase section */

/* Begin PBXGroup section */
		0A0BD22117E885A900D54DFA /* Graphics */ = {
			isa = PBXGroup;
			children = (
				0AFDBD8A17EB3F2C00090EFB /* icon114.png */,
				0AFDBD8117EB3E6900090EFB /* icon.png */,
				0A0BD23617E8ADEE00D54DFA /* play-icon.png */,
				0A0BD23717E8ADEE00D54DFA /* play-icon@2x.png */,
				0A0BD22C17E88C2000D54DFA /* frets.jpg */,
				0A0BD22417E88B9000D54DFA /* frets@2x.jpg */,
				0A0BD22717E88B9000D54DFA /* small_scheme.jpg */,
				0A0BD22E17E88D4A00D54DFA /* small_scheme@2x.jpg */,
			);
			name = Graphics;
			sourceTree = "<group>";
		};
		0A0BD23517E8A86200D54DFA /* SmallSchemeView */ = {
			isa = PBXGroup;
			children = (
				0A0BD23217E8A56700D54DFA /* SmallSchemeView.h */,
				0A0BD23317E8A56700D54DFA /* SmallSchemeView.m */,
				0A0BD23017E8A4A600D54DFA /* smallSchemeView.xib */,
			);
			name = SmallSchemeView;
			sourceTree = "<group>";
		};
		0A0C5D7517E73AA100EC0067 /* DataModel */ = {
			isa = PBXGroup;
			children = (
				9B9B947717E609070025DD99 /* ChordsDBModel.xcdatamodeld */,
				0AFDBD9417EB41A400090EFB /* ChordsDBModel.sqlite */,
				9B9B949F17E63C380025DD99 /* DataManager.h */,
				9B9B94A017E63C380025DD99 /* DataManager.m */,
				0A0BD21717E8810B00D54DFA /* Chord.h */,
				0A0BD21817E8810B00D54DFA /* Chord.m */,
			);
			name = DataModel;
			sourceTree = "<group>";
		};
		0A0C5D7F17E740E100EC0067 /* Controllers */ = {
			isa = PBXGroup;
			children = (
				0A0C5D8017E7410A00EC0067 /* ChordsListTableVC.h */,
				0A0C5D8117E7410A00EC0067 /* ChordsListTableVC.m */,
				9B8FFA5517E79761007FE4B4 /* SelectedChordVC.h */,
				9B8FFA5617E79761007FE4B4 /* SelectedChordVC.m */,
			);
			name = Controllers;
			sourceTree = "<group>";
		};
		0AFDBD9217EB410C00090EFB /* SSToolkit */ = {
			isa = PBXGroup;
			children = (
				0AFDBD8C17EB410200090EFB /* NSData+SSToolkitAdditions.h */,
				0AFDBD8D17EB410200090EFB /* NSData+SSToolkitAdditions.m */,
				9B9B948717E6173E0025DD99 /* NSString+SSToolkitAdditions.h */,
				9B9B948817E6173E0025DD99 /* NSString+SSToolkitAdditions.m */,
			);
			name = SSToolkit;
			sourceTree = "<group>";
		};
		9B8FFA5C17E797A8007FE4B4 /* Libs */ = {
			isa = PBXGroup;
			children = (
				9B8FFA6017E797BF007FE4B4 /* iCarousel */,
				0AFDBD9217EB410C00090EFB /* SSToolkit */,
				0A0C5D7C17E73D9000EC0067 /* NSDictionary+Parsing.h */,
				0A0C5D7D17E73D9000EC0067 /* NSDictionary+Parsing.m */,
				0A09FDC817E9CE3100A06DDB /* UIView+DrawGuitarMarkers.h */,
				0A09FDC917E9CE3100A06DDB /* UIView+DrawGuitarMarkers.m */,
			);
			name = Libs;
			sourceTree = "<group>";
		};
		9B8FFA6017E797BF007FE4B4 /* iCarousel */ = {
			isa = PBXGroup;
			children = (
				9B8FFA5D17E797BA007FE4B4 /* iCarousel.h */,
				9B8FFA5E17E797BA007FE4B4 /* iCarousel.m */,
			);
			name = iCarousel;
			sourceTree = "<group>";
		};
		9B9B944817E5D45B0025DD99 = {
			isa = PBXGroup;
			children = (
				9B9B945A17E5D45B0025DD99 /* ChordsList */,
				9B9B945317E5D45B0025DD99 /* Frameworks */,
				9B9B945217E5D45B0025DD99 /* Products */,
				AC87DF2A67D344458FA94311 /* Pods.xcconfig */,
			);
			sourceTree = "<group>";
		};
		9B9B945217E5D45B0025DD99 /* Products */ = {
			isa = PBXGroup;
			children = (
				9B9B945117E5D45B0025DD99 /* ChordsList.app */,
			);
			name = Products;
			sourceTree = "<group>";
		};
		9B9B945317E5D45B0025DD99 /* Frameworks */ = {
			isa = PBXGroup;
			children = (
				0AFDBD7717EAF5A000090EFB /* MobileCoreServices.framework */,
				0AFDBD7517EAF59C00090EFB /* SystemConfiguration.framework */,
				0A09FDD217E9DA9A00A06DDB /* AudioToolbox.framework */,
				0A09FDD017E9D2C300A06DDB /* MediaPlayer.framework */,
				0A09FDCE17E9CF6E00A06DDB /* AVFoundation.framework */,
				0A0BD21F17E8828600D54DFA /* QuartzCore.framework */,
				0A0C5D7317E733F700EC0067 /* CoreData.framework */,
				9B9B945417E5D45B0025DD99 /* UIKit.framework */,
				9B9B945617E5D45B0025DD99 /* Foundation.framework */,
				9B9B945817E5D45B0025DD99 /* CoreGraphics.framework */,
				391EB7E665C64FA4B2DB1092 /* libPods.a */,
			);
			name = Frameworks;
			sourceTree = "<group>";
		};
		9B9B945A17E5D45B0025DD99 /* ChordsList */ = {
			isa = PBXGroup;
			children = (
				9B9B949017E62F000025DD99 /* Pods.xcodeproj */,
				9B8FFA5C17E797A8007FE4B4 /* Libs */,
				0A0C5D7517E73AA100EC0067 /* DataModel */,
				9B9B947B17E6139C0025DD99 /* Network */,
				9B9B946317E5D45B0025DD99 /* AppDelegate.h */,
				9B9B946417E5D45B0025DD99 /* AppDelegate.m */,
				9BCF3C5417EB7B120076AA66 /* View */,
				0A0C5D7F17E740E100EC0067 /* Controllers */,
				9B9B945B17E5D45B0025DD99 /* Supporting Files */,
			);
			path = ChordsList;
			sourceTree = "<group>";
		};
		9B9B945B17E5D45B0025DD99 /* Supporting Files */ = {
			isa = PBXGroup;
			children = (
				9BCF3C5917EB91270076AA66 /* MidiSamples */,
				0A0BD22117E885A900D54DFA /* Graphics */,
				9B9B945D17E5D45B0025DD99 /* InfoPlist.strings */,
				9B9B946017E5D45B0025DD99 /* main.m */,
				9B9B946217E5D45B0025DD99 /* ChordsList-Prefix.pch */,
				9B9B946617E5D45B0025DD99 /* Default.png */,
				9B9B946817E5D45B0025DD99 /* Default@2x.png */,
				9B9B946A17E5D45B0025DD99 /* Default-568h@2x.png */,
			);
			name = "Supporting Files";
			sourceTree = "<group>";
		};
		9B9B947B17E6139C0025DD99 /* Network */ = {
			isa = PBXGroup;
			children = (
				9B9B947C17E613B70025DD99 /* ApiService.h */,
				9B9B947D17E613B70025DD99 /* ApiService.m */,
				9B9B947E17E613B70025DD99 /* config.plist */,
				9B9B947F17E613B70025DD99 /* ConfigService.h */,
				9B9B948017E613B70025DD99 /* ConfigService.m */,
			);
			name = Network;
			sourceTree = "<group>";
		};
		9B9B949117E62F000025DD99 /* Products */ = {
			isa = PBXGroup;
			children = (
				9B9B949817E62F000025DD99 /* libPods-AFNetworking.a */,
				9B9B949C17E62F000025DD99 /* libPods-Reachability.a */,
				9B9B949E17E62F000025DD99 /* libPods.a */,
			);
			name = Products;
			sourceTree = "<group>";
		};
		9BCF3C5417EB7B120076AA66 /* View */ = {
			isa = PBXGroup;
			children = (
				0A0BD23517E8A86200D54DFA /* SmallSchemeView */,
				9B9B946C17E5D45B0025DD99 /* MainStoryboard.storyboard */,
			);
			name = View;
			sourceTree = "<group>";
		};
		9BCF3C5917EB91270076AA66 /* MidiSamples */ = {
			isa = PBXGroup;
			children = (
				0A21232317EC602500FD99A4 /* 61.dat */,
				0A21232417EC602500FD99A4 /* 62.dat */,
				0A21232517EC602500FD99A4 /* 63.dat */,
				0A21232617EC602500FD99A4 /* 64.dat */,
				0A21232717EC602500FD99A4 /* 65.dat */,
				0A21232817EC602500FD99A4 /* 66.dat */,
				0A21232917EC602500FD99A4 /* 67.dat */,
				0A21232A17EC602500FD99A4 /* 68.dat */,
				0A21232B17EC602500FD99A4 /* 69.dat */,
				0A21232C17EC602500FD99A4 /* 70.dat */,
				9BCF3C6A17EBA0160076AA66 /* 28.dat */,
				9BCF3C6B17EBA0160076AA66 /* 29.dat */,
				9BCF3C6C17EBA0160076AA66 /* 30.dat */,
				9BCF3C6D17EBA0160076AA66 /* 31.dat */,
				9BCF3C6E17EBA0160076AA66 /* 32.dat */,
				9BCF3C6F17EBA0160076AA66 /* 33.dat */,
				9BCF3C7017EBA0160076AA66 /* 34.dat */,
				9BCF3C7117EBA0160076AA66 /* 35.dat */,
				9BCF3C7217EBA0160076AA66 /* 36.dat */,
				9BCF3C7317EBA0160076AA66 /* 37.dat */,
				9BCF3C7417EBA0160076AA66 /* 38.dat */,
				9BCF3C7517EBA0160076AA66 /* 39.dat */,
				9BCF3C7617EBA0160076AA66 /* 40.dat */,
				9BCF3C7717EBA0160076AA66 /* 41.dat */,
				9BCF3C7817EBA0160076AA66 /* 42.dat */,
				9BCF3C7917EBA0160076AA66 /* 43.dat */,
				9BCF3C7A17EBA0160076AA66 /* 44.dat */,
				9BCF3C7B17EBA0160076AA66 /* 45.dat */,
				9BCF3C7C17EBA0160076AA66 /* 46.dat */,
				9BCF3C7D17EBA0160076AA66 /* 47.dat */,
				9BCF3C7E17EBA0160076AA66 /* 48.dat */,
				9BCF3C7F17EBA0160076AA66 /* 49.dat */,
				9BCF3C8017EBA0160076AA66 /* 50.dat */,
				9BCF3C8117EBA0160076AA66 /* 51.dat */,
				9BCF3C8217EBA0160076AA66 /* 52.dat */,
				9BCF3C8317EBA0160076AA66 /* 53.dat */,
				9BCF3C8417EBA0160076AA66 /* 54.dat */,
				9BCF3C8517EBA0160076AA66 /* 55.dat */,
				9BCF3C8617EBA0160076AA66 /* 56.dat */,
				9BCF3C8717EBA0160076AA66 /* 57.dat */,
				9BCF3C8817EBA0160076AA66 /* 58.dat */,
				9BCF3C8917EBA0160076AA66 /* 59.dat */,
				9BCF3C8A17EBA0160076AA66 /* 60.dat */,
				9BCF3C6017EB91470076AA66 /* 24.dat */,
				9BCF3C6117EB91470076AA66 /* 25.dat */,
				9BCF3C6217EB91470076AA66 /* 26.dat */,
				9BCF3C6317EB91470076AA66 /* 27.dat */,
			);
			name = MidiSamples;
			sourceTree = "<group>";
		};
/* End PBXGroup section */

/* Begin PBXNativeTarget section */
		9B9B945017E5D45B0025DD99 /* ChordsList */ = {
			isa = PBXNativeTarget;
			buildConfigurationList = 9B9B947417E5D45B0025DD99 /* Build configuration list for PBXNativeTarget "ChordsList" */;
			buildPhases = (
				A3AF4E46215641A5A2A61924 /* Check Pods Manifest.lock */,
				9B9B944D17E5D45B0025DD99 /* Sources */,
				9B9B944E17E5D45B0025DD99 /* Frameworks */,
				9B9B944F17E5D45B0025DD99 /* Resources */,
				68DCEA09E1A94BB18877C2A1 /* Copy Pods Resources */,
			);
			buildRules = (
			);
			dependencies = (
			);
			name = ChordsList;
			productName = ChordsList;
			productReference = 9B9B945117E5D45B0025DD99 /* ChordsList.app */;
			productType = "com.apple.product-type.application";
		};
/* End PBXNativeTarget section */

/* Begin PBXProject section */
		9B9B944917E5D45B0025DD99 /* Project object */ = {
			isa = PBXProject;
			attributes = {
				LastUpgradeCheck = 0460;
				ORGANIZATIONNAME = Dmitiy;
			};
			buildConfigurationList = 9B9B944C17E5D45B0025DD99 /* Build configuration list for PBXProject "ChordsList" */;
			compatibilityVersion = "Xcode 3.2";
			developmentRegion = English;
			hasScannedForEncodings = 0;
			knownRegions = (
				en,
			);
			mainGroup = 9B9B944817E5D45B0025DD99;
			productRefGroup = 9B9B945217E5D45B0025DD99 /* Products */;
			projectDirPath = "";
			projectReferences = (
				{
					ProductGroup = 9B9B949117E62F000025DD99 /* Products */;
					ProjectRef = 9B9B949017E62F000025DD99 /* Pods.xcodeproj */;
				},
			);
			projectRoot = "";
			targets = (
				9B9B945017E5D45B0025DD99 /* ChordsList */,
			);
		};
/* End PBXProject section */

/* Begin PBXReferenceProxy section */
		9B9B949817E62F000025DD99 /* libPods-AFNetworking.a */ = {
			isa = PBXReferenceProxy;
			fileType = archive.ar;
			path = "libPods-AFNetworking.a";
			remoteRef = 9B9B949717E62F000025DD99 /* PBXContainerItemProxy */;
			sourceTree = BUILT_PRODUCTS_DIR;
		};
		9B9B949C17E62F000025DD99 /* libPods-Reachability.a */ = {
			isa = PBXReferenceProxy;
			fileType = archive.ar;
			path = "libPods-Reachability.a";
			remoteRef = 9B9B949B17E62F000025DD99 /* PBXContainerItemProxy */;
			sourceTree = BUILT_PRODUCTS_DIR;
		};
		9B9B949E17E62F000025DD99 /* libPods.a */ = {
			isa = PBXReferenceProxy;
			fileType = archive.ar;
			path = libPods.a;
			remoteRef = 9B9B949D17E62F000025DD99 /* PBXContainerItemProxy */;
			sourceTree = BUILT_PRODUCTS_DIR;
		};
/* End PBXReferenceProxy section */

/* Begin PBXResourcesBuildPhase section */
		9B9B944F17E5D45B0025DD99 /* Resources */ = {
			isa = PBXResourcesBuildPhase;
			buildActionMask = 2147483647;
			files = (
				9B9B945F17E5D45B0025DD99 /* InfoPlist.strings in Resources */,
				9B9B946717E5D45B0025DD99 /* Default.png in Resources */,
				9B9B946917E5D45B0025DD99 /* Default@2x.png in Resources */,
				9B9B946B17E5D45B0025DD99 /* Default-568h@2x.png in Resources */,
				9B9B946E17E5D45B0025DD99 /* MainStoryboard.storyboard in Resources */,
				9B9B948217E613B70025DD99 /* config.plist in Resources */,
				0A0BD22817E88B9000D54DFA /* frets@2x.jpg in Resources */,
				0A0BD22B17E88B9000D54DFA /* small_scheme.jpg in Resources */,
				0A0BD22D17E88C2000D54DFA /* frets.jpg in Resources */,
				0A0BD22F17E88D4A00D54DFA /* small_scheme@2x.jpg in Resources */,
				0A0BD23117E8A4A600D54DFA /* smallSchemeView.xib in Resources */,
				0A0BD23817E8ADEE00D54DFA /* play-icon.png in Resources */,
				0A0BD23917E8ADEE00D54DFA /* play-icon@2x.png in Resources */,
				0AFDBD8217EB3E6900090EFB /* icon.png in Resources */,
				0AFDBD8B17EB3F2C00090EFB /* icon114.png in Resources */,
				0AFDBD9817EB41A700090EFB /* ChordsDBModel.sqlite in Resources */,
				9BCF3C6417EB91470076AA66 /* 24.dat in Resources */,
				9BCF3C6517EB91470076AA66 /* 25.dat in Resources */,
				9BCF3C6617EB91470076AA66 /* 26.dat in Resources */,
				9BCF3C6717EB91470076AA66 /* 27.dat in Resources */,
				9BCF3C8B17EBA0160076AA66 /* 28.dat in Resources */,
				9BCF3C8C17EBA0160076AA66 /* 29.dat in Resources */,
				9BCF3C8D17EBA0160076AA66 /* 30.dat in Resources */,
				9BCF3C8E17EBA0160076AA66 /* 31.dat in Resources */,
				9BCF3C8F17EBA0160076AA66 /* 32.dat in Resources */,
				9BCF3C9017EBA0160076AA66 /* 33.dat in Resources */,
				9BCF3C9117EBA0160076AA66 /* 34.dat in Resources */,
				9BCF3C9217EBA0160076AA66 /* 35.dat in Resources */,
				9BCF3C9317EBA0160076AA66 /* 36.dat in Resources */,
				9BCF3C9417EBA0160076AA66 /* 37.dat in Resources */,
				9BCF3C9517EBA0160076AA66 /* 38.dat in Resources */,
				9BCF3C9617EBA0160076AA66 /* 39.dat in Resources */,
				9BCF3C9717EBA0160076AA66 /* 40.dat in Resources */,
				9BCF3C9817EBA0160076AA66 /* 41.dat in Resources */,
				9BCF3C9917EBA0160076AA66 /* 42.dat in Resources */,
				9BCF3C9A17EBA0160076AA66 /* 43.dat in Resources */,
				9BCF3C9B17EBA0160076AA66 /* 44.dat in Resources */,
				9BCF3C9C17EBA0160076AA66 /* 45.dat in Resources */,
				9BCF3C9D17EBA0160076AA66 /* 46.dat in Resources */,
				9BCF3C9E17EBA0160076AA66 /* 47.dat in Resources */,
				9BCF3C9F17EBA0160076AA66 /* 48.dat in Resources */,
				9BCF3CA017EBA0160076AA66 /* 49.dat in Resources */,
				9BCF3CA117EBA0160076AA66 /* 50.dat in Resources */,
				9BCF3CA217EBA0160076AA66 /* 51.dat in Resources */,
				9BCF3CA317EBA0160076AA66 /* 52.dat in Resources */,
				9BCF3CA417EBA0160076AA66 /* 53.dat in Resources */,
				9BCF3CA517EBA0160076AA66 /* 54.dat in Resources */,
				9BCF3CA617EBA0160076AA66 /* 55.dat in Resources */,
				9BCF3CA717EBA0160076AA66 /* 56.dat in Resources */,
				9BCF3CA817EBA0160076AA66 /* 57.dat in Resources */,
				9BCF3CA917EBA0160076AA66 /* 58.dat in Resources */,
				9BCF3CAA17EBA0160076AA66 /* 59.dat in Resources */,
				9BCF3CAB17EBA0160076AA66 /* 60.dat in Resources */,
				0A21232D17EC602500FD99A4 /* 61.dat in Resources */,
				0A21232E17EC602500FD99A4 /* 62.dat in Resources */,
				0A21232F17EC602500FD99A4 /* 63.dat in Resources */,
				0A21233017EC602500FD99A4 /* 64.dat in Resources */,
				0A21233117EC602500FD99A4 /* 65.dat in Resources */,
				0A21233217EC602500FD99A4 /* 66.dat in Resources */,
				0A21233317EC602500FD99A4 /* 67.dat in Resources */,
				0A21233417EC602500FD99A4 /* 68.dat in Resources */,
				0A21233517EC602500FD99A4 /* 69.dat in Resources */,
				0A21233617EC602500FD99A4 /* 70.dat in Resources */,
			);
			runOnlyForDeploymentPostprocessing = 0;
		};
/* End PBXResourcesBuildPhase section */

/* Begin PBXShellScriptBuildPhase section */
		68DCEA09E1A94BB18877C2A1 /* Copy Pods Resources */ = {
			isa = PBXShellScriptBuildPhase;
			buildActionMask = 2147483647;
			files = (
			);
			inputPaths = (
			);
			name = "Copy Pods Resources";
			outputPaths = (
			);
			runOnlyForDeploymentPostprocessing = 0;
			shellPath = /bin/sh;
			shellScript = "\"${SRCROOT}/Pods/Pods-resources.sh\"\n";
			showEnvVarsInLog = 0;
		};
		A3AF4E46215641A5A2A61924 /* Check Pods Manifest.lock */ = {
			isa = PBXShellScriptBuildPhase;
			buildActionMask = 2147483647;
			files = (
			);
			inputPaths = (
			);
			name = "Check Pods Manifest.lock";
			outputPaths = (
			);
			runOnlyForDeploymentPostprocessing = 0;
			shellPath = /bin/sh;
			shellScript = "diff \"${PODS_ROOT}/../Podfile.lock\" \"${PODS_ROOT}/Manifest.lock\" > /dev/null\nif [[ $? != 0 ]] ; then\n    cat << EOM\nerror: The sandbox is not in sync with the Podfile.lock. Run 'pod install' or update your CocoaPods installation.\nEOM\n    exit 1\nfi\n";
			showEnvVarsInLog = 0;
		};
/* End PBXShellScriptBuildPhase section */

/* Begin PBXSourcesBuildPhase section */
		9B9B944D17E5D45B0025DD99 /* Sources */ = {
			isa = PBXSourcesBuildPhase;
			buildActionMask = 2147483647;
			files = (
				9B9B946117E5D45B0025DD99 /* main.m in Sources */,
				9B9B946517E5D45B0025DD99 /* AppDelegate.m in Sources */,
				9B9B947917E609070025DD99 /* ChordsDBModel.xcdatamodeld in Sources */,
				9B9B948117E613B70025DD99 /* ApiService.m in Sources */,
				9B9B948317E613B70025DD99 /* ConfigService.m in Sources */,
				9B9B948917E6173E0025DD99 /* NSString+SSToolkitAdditions.m in Sources */,
				9B9B94A117E63C380025DD99 /* DataManager.m in Sources */,
				0A0C5D7E17E73D9000EC0067 /* NSDictionary+Parsing.m in Sources */,
				0A0C5D8217E7410A00EC0067 /* ChordsListTableVC.m in Sources */,
				9B8FFA5717E79761007FE4B4 /* SelectedChordVC.m in Sources */,
				9B8FFA5F17E797BA007FE4B4 /* iCarousel.m in Sources */,
				0A0BD21917E8810B00D54DFA /* Chord.m in Sources */,
				0A0BD23417E8A56800D54DFA /* SmallSchemeView.m in Sources */,
				0A09FDCA17E9CE3100A06DDB /* UIView+DrawGuitarMarkers.m in Sources */,
				0AFDBD9017EB410200090EFB /* NSData+SSToolkitAdditions.m in Sources */,
			);
			runOnlyForDeploymentPostprocessing = 0;
		};
/* End PBXSourcesBuildPhase section */

/* Begin PBXVariantGroup section */
		9B9B945D17E5D45B0025DD99 /* InfoPlist.strings */ = {
			isa = PBXVariantGroup;
			children = (
				9B9B945E17E5D45B0025DD99 /* en */,
			);
			name = InfoPlist.strings;
			sourceTree = "<group>";
		};
		9B9B946C17E5D45B0025DD99 /* MainStoryboard.storyboard */ = {
			isa = PBXVariantGroup;
			children = (
				9B9B946D17E5D45B0025DD99 /* en */,
			);
			name = MainStoryboard.storyboard;
			sourceTree = "<group>";
		};
/* End PBXVariantGroup section */

/* Begin XCBuildConfiguration section */
		9B9B947217E5D45B0025DD99 /* Debug */ = {
			isa = XCBuildConfiguration;
			buildSettings = {
				ALWAYS_SEARCH_USER_PATHS = YES;
				CLANG_CXX_LANGUAGE_STANDARD = "gnu++0x";
				CLANG_CXX_LIBRARY = "libc++";
				CLANG_ENABLE_OBJC_ARC = YES;
				CLANG_WARN_CONSTANT_CONVERSION = YES;
				CLANG_WARN_EMPTY_BODY = YES;
				CLANG_WARN_ENUM_CONVERSION = YES;
				CLANG_WARN_INT_CONVERSION = YES;
				CLANG_WARN__DUPLICATE_METHOD_MATCH = YES;
				"CODE_SIGN_IDENTITY[sdk=iphoneos*]" = "iPhone Developer";
				COPY_PHASE_STRIP = NO;
				GCC_C_LANGUAGE_STANDARD = gnu99;
				GCC_DYNAMIC_NO_PIC = NO;
				GCC_OPTIMIZATION_LEVEL = 0;
				GCC_PREPROCESSOR_DEFINITIONS = (
					"DEBUG=1",
					"$(inherited)",
				);
				GCC_SYMBOLS_PRIVATE_EXTERN = NO;
				GCC_WARN_ABOUT_RETURN_TYPE = YES;
				GCC_WARN_UNINITIALIZED_AUTOS = YES;
				GCC_WARN_UNUSED_VARIABLE = YES;
				IPHONEOS_DEPLOYMENT_TARGET = 6.1;
				ONLY_ACTIVE_ARCH = YES;
				OTHER_CFLAGS = "";
				SDKROOT = iphoneos;
			};
			name = Debug;
		};
		9B9B947317E5D45B0025DD99 /* Release */ = {
			isa = XCBuildConfiguration;
			buildSettings = {
				ALWAYS_SEARCH_USER_PATHS = YES;
				CLANG_CXX_LANGUAGE_STANDARD = "gnu++0x";
				CLANG_CXX_LIBRARY = "libc++";
				CLANG_ENABLE_OBJC_ARC = YES;
				CLANG_WARN_CONSTANT_CONVERSION = YES;
				CLANG_WARN_EMPTY_BODY = YES;
				CLANG_WARN_ENUM_CONVERSION = YES;
				CLANG_WARN_INT_CONVERSION = YES;
				CLANG_WARN__DUPLICATE_METHOD_MATCH = YES;
				"CODE_SIGN_IDENTITY[sdk=iphoneos*]" = "iPhone Developer";
				COPY_PHASE_STRIP = YES;
				GCC_C_LANGUAGE_STANDARD = gnu99;
				GCC_WARN_ABOUT_RETURN_TYPE = YES;
				GCC_WARN_UNINITIALIZED_AUTOS = YES;
				GCC_WARN_UNUSED_VARIABLE = YES;
				IPHONEOS_DEPLOYMENT_TARGET = 6.1;
				OTHER_CFLAGS = "-DNS_BLOCK_ASSERTIONS=1";
				SDKROOT = iphoneos;
				VALIDATE_PRODUCT = YES;
			};
			name = Release;
		};
		9B9B947517E5D45B0025DD99 /* Debug */ = {
			isa = XCBuildConfiguration;
			baseConfigurationReference = AC87DF2A67D344458FA94311 /* Pods.xcconfig */;
			buildSettings = {
				GCC_PRECOMPILE_PREFIX_HEADER = YES;
				GCC_PREFIX_HEADER = "ChordsList/ChordsList-Prefix.pch";
				INFOPLIST_FILE = "ChordsList/ChordsList-Info.plist";
				IPHONEOS_DEPLOYMENT_TARGET = 5.1;
				OTHER_LDFLAGS = (
					"-ObjC",
					"-framework",
					AudioToolbox,
					"-framework",
					CoreGraphics,
					"-framework",
					MobileCoreServices,
					"-framework",
					Security,
					"-framework",
					SystemConfiguration,
				);
				PRODUCT_NAME = "$(TARGET_NAME)";
				USER_HEADER_SEARCH_PATHS = "“$(BUILT_PRODUCTS_DIR)/**";
				WRAPPER_EXTENSION = app;
			};
			name = Debug;
		};
		9B9B947617E5D45B0025DD99 /* Release */ = {
			isa = XCBuildConfiguration;
			baseConfigurationReference = AC87DF2A67D344458FA94311 /* Pods.xcconfig */;
			buildSettings = {
				GCC_PRECOMPILE_PREFIX_HEADER = YES;
				GCC_PREFIX_HEADER = "ChordsList/ChordsList-Prefix.pch";
				INFOPLIST_FILE = "ChordsList/ChordsList-Info.plist";
				IPHONEOS_DEPLOYMENT_TARGET = 5.1;
				OTHER_LDFLAGS = (
					"-ObjC",
					"-framework",
					AudioToolbox,
					"-framework",
					CoreGraphics,
					"-framework",
					MobileCoreServices,
					"-framework",
					Security,
					"-framework",
					SystemConfiguration,
				);
				PRODUCT_NAME = "$(TARGET_NAME)";
				USER_HEADER_SEARCH_PATHS = "“$(BUILT_PRODUCTS_DIR)/**";
				WRAPPER_EXTENSION = app;
			};
			name = Release;
		};
/* End XCBuildConfiguration section */

/* Begin XCConfigurationList section */
		9B9B944C17E5D45B0025DD99 /* Build configuration list for PBXProject "ChordsList" */ = {
			isa = XCConfigurationList;
			buildConfigurations = (
				9B9B947217E5D45B0025DD99 /* Debug */,
				9B9B947317E5D45B0025DD99 /* Release */,
			);
			defaultConfigurationIsVisible = 0;
			defaultConfigurationName = Release;
		};
		9B9B947417E5D45B0025DD99 /* Build configuration list for PBXNativeTarget "ChordsList" */ = {
			isa = XCConfigurationList;
			buildConfigurations = (
				9B9B947517E5D45B0025DD99 /* Debug */,
				9B9B947617E5D45B0025DD99 /* Release */,
			);
			defaultConfigurationIsVisible = 0;
			defaultConfigurationName = Release;
		};
/* End XCConfigurationList section */

/* Begin XCVersionGroup section */
		9B9B947717E609070025DD99 /* ChordsDBModel.xcdatamodeld */ = {
			isa = XCVersionGroup;
			children = (
				9B9B947817E609070025DD99 /* ChordsDBModel.xcdatamodel */,
			);
			currentVersion = 9B9B947817E609070025DD99 /* ChordsDBModel.xcdatamodel */;
			path = ChordsDBModel.xcdatamodeld;
			sourceTree = "<group>";
			versionGroupType = wrapper.xcdatamodel;
		};
/* End XCVersionGroup section */
	};
	rootObject = 9B9B944917E5D45B0025DD99 /* Project object */;
}
